
Microsoft Visual Studio Solution File, Format Version 12.00
# Visual Studio Version 17
VisualStudioVersion = 17.12.35728.132
MinimumVisualStudioVersion = 10.0.40219.1
Project("{FAE04EC0-301F-11D3-BF4B-00C04F79EFBC}") = "PositionsService", "PositionsService\PositionsService.csproj", "{B0D695E0-4F6A-403A-90DD-C4E6CDE23B73}"
EndProject
Project("{FAE04EC0-301F-11D3-BF4B-00C04F79EFBC}") = "TestPositions", "TestPositions\TestPositions.csproj", "{DC216C83-84B9-471B-B177-6263659E75E8}"
EndProject
Global
	GlobalSection(SolutionConfigurationPlatforms) = preSolution
		Debug|Any CPU = Debug|Any CPU
		Release|Any CPU = Release|Any CPU
	EndGlobalSection
	GlobalSection(ProjectConfigurationPlatforms) = postSolution
		{B0D695E0-4F6A-403A-90DD-C4E6CDE23B73}.Debug|Any CPU.ActiveCfg = Debug|Any CPU
		{B0D695E0-4F6A-403A-90DD-C4E6CDE23B73}.Debug|Any CPU.Build.0 = Debug|Any CPU
		{B0D695E0-4F6A-403A-90DD-C4E6CDE23B73}.Release|Any CPU.ActiveCfg = Release|Any CPU
		{B0D695E0-4F6A-403A-90DD-C4E6CDE23B73}.Release|Any CPU.Build.0 = Release|Any CPU
		{DC216C83-84B9-471B-B177-6263659E75E8}.Debug|Any CPU.ActiveCfg = Debug|Any CPU
		{DC216C83-84B9-471B-B177-6263659E75E8}.Debug|Any CPU.Build.0 = Debug|Any CPU
		{DC216C83-84B9-471B-B177-6263659E75E8}.Release|Any CPU.ActiveCfg = Release|Any CPU
		{DC216C83-84B9-471B-B177-6263659E75E8}.Release|Any CPU.Build.0 = Release|Any CPU
	EndGlobalSection
	GlobalSection(SolutionProperties) = preSolution
		HideSolutionNode = FALSE
	EndGlobalSection
EndGlobal
